
Microsoft Visual Studio Solution File, Format Version 12.00
# Visual Studio Version 16
VisualStudioVersion = 16.0.29519.181
MinimumVisualStudioVersion = 10.0.40219.1
Project("{9A19103F-16F7-4668-BE54-9A1E7A4F7556}") = "DataStructuresProgram", "DataStructuresProgram\DataStructuresProgram.csproj", "{49BB9CE2-FA50-4E57-A859-EF3E49AE4432}"
EndProject
Project("{2150E333-8FDC-42A3-9474-1A3956D46DE8}") = "Solution Items", "Solution Items", "{B7806220-8CB6-42F1-925B-3B58B953978C}"
	ProjectSection(SolutionItems) = preProject
		.editorconfig = .editorconfig
	EndProjectSection
EndProject
Project("{FAE04EC0-301F-11D3-BF4B-00C04F79EFBC}") = "LinkedList", "LinkedList\LinkedList.csproj", "{7FBDC92D-18E5-4F6D-BF3D-5386C49E3CF9}"
EndProject
Global
	GlobalSection(SolutionConfigurationPlatforms) = preSolution
		Debug|Any CPU = Debug|Any CPU
		Release|Any CPU = Release|Any CPU
	EndGlobalSection
	GlobalSection(ProjectConfigurationPlatforms) = postSolution
		{49BB9CE2-FA50-4E57-A859-EF3E49AE4432}.Debug|Any CPU.ActiveCfg = Debug|Any CPU
		{49BB9CE2-FA50-4E57-A859-EF3E49AE4432}.Debug|Any CPU.Build.0 = Debug|Any CPU
		{49BB9CE2-FA50-4E57-A859-EF3E49AE4432}.Release|Any CPU.ActiveCfg = Release|Any CPU
		{49BB9CE2-FA50-4E57-A859-EF3E49AE4432}.Release|Any CPU.Build.0 = Release|Any CPU
		{7FBDC92D-18E5-4F6D-BF3D-5386C49E3CF9}.Debug|Any CPU.ActiveCfg = Debug|Any CPU
		{7FBDC92D-18E5-4F6D-BF3D-5386C49E3CF9}.Debug|Any CPU.Build.0 = Debug|Any CPU
		{7FBDC92D-18E5-4F6D-BF3D-5386C49E3CF9}.Release|Any CPU.ActiveCfg = Release|Any CPU
		{7FBDC92D-18E5-4F6D-BF3D-5386C49E3CF9}.Release|Any CPU.Build.0 = Release|Any CPU
	EndGlobalSection
	GlobalSection(SolutionProperties) = preSolution
		HideSolutionNode = FALSE
	EndGlobalSection
	GlobalSection(NestedProjects) = preSolution
		{7FBDC92D-18E5-4F6D-BF3D-5386C49E3CF9} = {B7806220-8CB6-42F1-925B-3B58B953978C}
	EndGlobalSection
	GlobalSection(ExtensibilityGlobals) = postSolution
		SolutionGuid = {770E891E-6916-4F54-9729-C3C24C898D1A}
	EndGlobalSection
EndGlobal
