
Microsoft Visual Studio Solution File, Format Version 12.00
# Visual Studio Version 16
VisualStudioVersion = 16.0.29613.14
MinimumVisualStudioVersion = 10.0.40219.1
Project("{9A19103F-16F7-4668-BE54-9A1E7A4F7556}") = "FunctionalPrograms", "FunctionalPrograms.csproj", "{FD267892-8326-4009-9FA4-D687E88E1500}"
EndProject
Project("{FAE04EC0-301F-11D3-BF4B-00C04F79EFBC}") = "Algorithm Programs", "..\Algorithm Programs\Algorithm Programs.csproj", "{0ED7F7AB-CB7C-4D8B-A17B-22B3A9FE0661}"
EndProject
Global
	GlobalSection(SolutionConfigurationPlatforms) = preSolution
		Debug|Any CPU = Debug|Any CPU
		Release|Any CPU = Release|Any CPU
	EndGlobalSection
	GlobalSection(ProjectConfigurationPlatforms) = postSolution
		{FD267892-8326-4009-9FA4-D687E88E1500}.Debug|Any CPU.ActiveCfg = Debug|Any CPU
		{FD267892-8326-4009-9FA4-D687E88E1500}.Debug|Any CPU.Build.0 = Debug|Any CPU
		{FD267892-8326-4009-9FA4-D687E88E1500}.Release|Any CPU.ActiveCfg = Release|Any CPU
		{FD267892-8326-4009-9FA4-D687E88E1500}.Release|Any CPU.Build.0 = Release|Any CPU
		{0ED7F7AB-CB7C-4D8B-A17B-22B3A9FE0661}.Debug|Any CPU.ActiveCfg = Debug|Any CPU
		{0ED7F7AB-CB7C-4D8B-A17B-22B3A9FE0661}.Debug|Any CPU.Build.0 = Debug|Any CPU
		{0ED7F7AB-CB7C-4D8B-A17B-22B3A9FE0661}.Release|Any CPU.ActiveCfg = Release|Any CPU
		{0ED7F7AB-CB7C-4D8B-A17B-22B3A9FE0661}.Release|Any CPU.Build.0 = Release|Any CPU
	EndGlobalSection
	GlobalSection(SolutionProperties) = preSolution
		HideSolutionNode = FALSE
	EndGlobalSection
	GlobalSection(ExtensibilityGlobals) = postSolution
		SolutionGuid = {5BC689AB-51FB-46A1-A267-6C3FDAD1A46A}
	EndGlobalSection
EndGlobal
